
Microsoft Visual Studio Solution File, Format Version 12.00
# Visual Studio Version 17
VisualStudioVersion = 17.5.002.0
MinimumVisualStudioVersion = 10.0.40219.1
Project("{9A19103F-16F7-4668-BE54-9A1E7A4F7556}") = "Amir-Jelodarian-Dotnet", "Amir-Jelodarian-Dotnet.csproj", "{5A79E067-C532-47EC-A8D6-28046CC7C699}"
EndProject
Global
	GlobalSection(SolutionConfigurationPlatforms) = preSolution
		Debug|Any CPU = Debug|Any CPU
		Release|Any CPU = Release|Any CPU
	EndGlobalSection
	GlobalSection(ProjectConfigurationPlatforms) = postSolution
		{5A79E067-C532-47EC-A8D6-28046CC7C699}.Debug|Any CPU.ActiveCfg = Debug|Any CPU
		{5A79E067-C532-47EC-A8D6-28046CC7C699}.Debug|Any CPU.Build.0 = Debug|Any CPU
		{5A79E067-C532-47EC-A8D6-28046CC7C699}.Release|Any CPU.ActiveCfg = Release|Any CPU
		{5A79E067-C532-47EC-A8D6-28046CC7C699}.Release|Any CPU.Build.0 = Release|Any CPU
	EndGlobalSection
	GlobalSection(SolutionProperties) = preSolution
		HideSolutionNode = FALSE
	EndGlobalSection
	GlobalSection(ExtensibilityGlobals) = postSolution
		SolutionGuid = {F54BD963-8E39-4F2D-A33D-34EA43C15814}
	EndGlobalSection
EndGlobal
